// !$*UTF8*$!
{
	archiveVersion = 1;
	classes = {
	};
	objectVersion = 55;
	objects = {

/* Begin PBXBuildFile section */
		1C59A21327B7FC2A00BA1798 /* Interface.storyboard in Resources */ = {isa = PBXBuildFile; fileRef = 1C59A21127B7FC2A00BA1798 /* Interface.storyboard */; };
		1C59A21527B7FC2B00BA1798 /* Assets.xcassets in Resources */ = {isa = PBXBuildFile; fileRef = 1C59A21427B7FC2B00BA1798 /* Assets.xcassets */; };
		1C59A21B27B7FC2B00BA1798 /* PeepooWatch WatchKit Extension.appex in Embed App Extensions */ = {isa = PBXBuildFile; fileRef = 1C59A21A27B7FC2B00BA1798 /* PeepooWatch WatchKit Extension.appex */; settings = {ATTRIBUTES = (RemoveHeadersOnCopy, ); }; };
		1C59A22027B7FC2B00BA1798 /* InterfaceController.swift in Sources */ = {isa = PBXBuildFile; fileRef = 1C59A21F27B7FC2B00BA1798 /* InterfaceController.swift */; };
		1C59A22227B7FC2B00BA1798 /* ExtensionDelegate.swift in Sources */ = {isa = PBXBuildFile; fileRef = 1C59A22127B7FC2B00BA1798 /* ExtensionDelegate.swift */; };
		1C59A22427B7FC2B00BA1798 /* ComplicationController.swift in Sources */ = {isa = PBXBuildFile; fileRef = 1C59A22327B7FC2B00BA1798 /* ComplicationController.swift */; };
		1C59A22627B7FC2D00BA1798 /* Assets.xcassets in Resources */ = {isa = PBXBuildFile; fileRef = 1C59A22527B7FC2D00BA1798 /* Assets.xcassets */; };
		1C59A22A27B7FC2D00BA1798 /* PeepooWatch.app in Embed Watch Content */ = {isa = PBXBuildFile; fileRef = 1C59A20F27B7FC2A00BA1798 /* PeepooWatch.app */; settings = {ATTRIBUTES = (RemoveHeadersOnCopy, ); }; };
		288CBC629E36E4932D74DA11 /* Pods_PeepooWatch_WatchKit_Extension.framework in Frameworks */ = {isa = PBXBuildFile; fileRef = C2F2C0A5D14C938E9BF0BEFD /* Pods_PeepooWatch_WatchKit_Extension.framework */; };
		32E52CD480EF291C63683204 /* Pods_PeepooWatch.framework in Frameworks */ = {isa = PBXBuildFile; fileRef = BE3AC009C230B32D7159E1F4 /* Pods_PeepooWatch.framework */; };
		A001E3D527B87EF500B47744 /* UIView+Extension.swift in Sources */ = {isa = PBXBuildFile; fileRef = A001E3D427B87EF500B47744 /* UIView+Extension.swift */; };
		A001E3D727B87F4400B47744 /* UIButton+Extension.swift in Sources */ = {isa = PBXBuildFile; fileRef = A001E3D627B87F4400B47744 /* UIButton+Extension.swift */; };
		A055573D27BB206C00AA33C6 /* UIStackView+Extension.swift in Sources */ = {isa = PBXBuildFile; fileRef = A055573C27BB206C00AA33C6 /* UIStackView+Extension.swift */; };
		A055574127BC4ADB00AA33C6 /* 85584-curved-fan-animation.json in Resources */ = {isa = PBXBuildFile; fileRef = A055574027BC4ADB00AA33C6 /* 85584-curved-fan-animation.json */; };
		A055574327BD20EA00AA33C6 /* 51661-closed-tag.json in Resources */ = {isa = PBXBuildFile; fileRef = A055574227BD20EA00AA33C6 /* 51661-closed-tag.json */; };
		A055574727BD21C700AA33C6 /* 51660-open.json in Resources */ = {isa = PBXBuildFile; fileRef = A055574627BD21C700AA33C6 /* 51660-open.json */; };
		A08410D127B88C6000F13184 /* 17081-pepe-poo-poo.json in Resources */ = {isa = PBXBuildFile; fileRef = A08410D027B88C6000F13184 /* 17081-pepe-poo-poo.json */; };
		A3939AC22746904C00412190 /* AppDelegate.swift in Sources */ = {isa = PBXBuildFile; fileRef = A3939AC12746904C00412190 /* AppDelegate.swift */; };
		A3939ACB2746904E00412190 /* Assets.xcassets in Resources */ = {isa = PBXBuildFile; fileRef = A3939ACA2746904E00412190 /* Assets.xcassets */; };
		A3939ACE2746904E00412190 /* LaunchScreen.storyboard in Resources */ = {isa = PBXBuildFile; fileRef = A3939ACC2746904E00412190 /* LaunchScreen.storyboard */; };
		A3939AD82746906700412190 /* HomeKit.framework in Frameworks */ = {isa = PBXBuildFile; fileRef = A3939AD72746906700412190 /* HomeKit.framework */; };
		A3939ADD2746956F00412190 /* StartViewController.swift in Sources */ = {isa = PBXBuildFile; fileRef = A3939ADB2746956F00412190 /* StartViewController.swift */; };
		A3939ADE2746956F00412190 /* StartViewController.xib in Resources */ = {isa = PBXBuildFile; fileRef = A3939ADC2746956F00412190 /* StartViewController.xib */; };
		A3EAA247276B3EDE005F2A4A /* HomeViewController.swift in Sources */ = {isa = PBXBuildFile; fileRef = A3EAA245276B3EDE005F2A4A /* HomeViewController.swift */; };
		A3EAA248276B3EDE005F2A4A /* HomeViewController.xib in Resources */ = {isa = PBXBuildFile; fileRef = A3EAA246276B3EDE005F2A4A /* HomeViewController.xib */; };
		A3EAA24B276B5078005F2A4A /* RoomViewController.swift in Sources */ = {isa = PBXBuildFile; fileRef = A3EAA249276B5078005F2A4A /* RoomViewController.swift */; };
		A3EAA24C276B5078005F2A4A /* RoomViewController.xib in Resources */ = {isa = PBXBuildFile; fileRef = A3EAA24A276B5078005F2A4A /* RoomViewController.xib */; };
		A3EAA24F276B5278005F2A4A /* AccessoryBrowserViewController.swift in Sources */ = {isa = PBXBuildFile; fileRef = A3EAA24D276B5278005F2A4A /* AccessoryBrowserViewController.swift */; };
		A3EAA250276B5278005F2A4A /* AccessoryBrowserViewController.xib in Resources */ = {isa = PBXBuildFile; fileRef = A3EAA24E276B5278005F2A4A /* AccessoryBrowserViewController.xib */; };
		A3EAA253276B75F1005F2A4A /* AccessoryViewController.swift in Sources */ = {isa = PBXBuildFile; fileRef = A3EAA251276B75F1005F2A4A /* AccessoryViewController.swift */; };
		A3EAA254276B75F1005F2A4A /* AccessoryViewController.xib in Resources */ = {isa = PBXBuildFile; fileRef = A3EAA252276B75F1005F2A4A /* AccessoryViewController.xib */; };
		BAEA079A73A1916B19ECCAF9 /* Pods_PeePooPee.framework in Frameworks */ = {isa = PBXBuildFile; fileRef = 23008F6E8189B41A1C2E3CAB /* Pods_PeePooPee.framework */; };
/* End PBXBuildFile section */

/* Begin PBXContainerItemProxy section */
		1C59A21C27B7FC2B00BA1798 /* PBXContainerItemProxy */ = {
			isa = PBXContainerItemProxy;
			containerPortal = A3939AB62746904C00412190 /* Project object */;
			proxyType = 1;
			remoteGlobalIDString = 1C59A21927B7FC2B00BA1798;
			remoteInfo = "PeepooWatch WatchKit Extension";
		};
		1C59A22827B7FC2D00BA1798 /* PBXContainerItemProxy */ = {
			isa = PBXContainerItemProxy;
			containerPortal = A3939AB62746904C00412190 /* Project object */;
			proxyType = 1;
			remoteGlobalIDString = 1C59A20E27B7FC2A00BA1798;
			remoteInfo = PeepooWatch;
		};
/* End PBXContainerItemProxy section */

/* Begin PBXCopyFilesBuildPhase section */
		1C59A1E527B7E90200BA1798 /* Embed Watch Content */ = {
			isa = PBXCopyFilesBuildPhase;
			buildActionMask = 2147483647;
			dstPath = "$(CONTENTS_FOLDER_PATH)/Watch";
			dstSubfolderSpec = 16;
			files = (
				1C59A22A27B7FC2D00BA1798 /* PeepooWatch.app in Embed Watch Content */,
			);
			name = "Embed Watch Content";
			runOnlyForDeploymentPostprocessing = 0;
		};
		1C59A22E27B7FC2D00BA1798 /* Embed App Extensions */ = {
			isa = PBXCopyFilesBuildPhase;
			buildActionMask = 2147483647;
			dstPath = "";
			dstSubfolderSpec = 13;
			files = (
				1C59A21B27B7FC2B00BA1798 /* PeepooWatch WatchKit Extension.appex in Embed App Extensions */,
			);
			name = "Embed App Extensions";
			runOnlyForDeploymentPostprocessing = 0;
		};
/* End PBXCopyFilesBuildPhase section */

/* Begin PBXFileReference section */
		069C5BEDEB5F23F69A51DA3C /* Pods-PeepooWatch.release.xcconfig */ = {isa = PBXFileReference; includeInIndex = 1; lastKnownFileType = text.xcconfig; name = "Pods-PeepooWatch.release.xcconfig"; path = "Target Support Files/Pods-PeepooWatch/Pods-PeepooWatch.release.xcconfig"; sourceTree = "<group>"; };
		1C59A20F27B7FC2A00BA1798 /* PeepooWatch.app */ = {isa = PBXFileReference; explicitFileType = wrapper.application; includeInIndex = 0; path = PeepooWatch.app; sourceTree = BUILT_PRODUCTS_DIR; };
		1C59A21227B7FC2A00BA1798 /* Base */ = {isa = PBXFileReference; lastKnownFileType = file.storyboard; name = Base; path = Base.lproj/Interface.storyboard; sourceTree = "<group>"; };
		1C59A21427B7FC2B00BA1798 /* Assets.xcassets */ = {isa = PBXFileReference; lastKnownFileType = folder.assetcatalog; path = Assets.xcassets; sourceTree = "<group>"; };
		1C59A21A27B7FC2B00BA1798 /* PeepooWatch WatchKit Extension.appex */ = {isa = PBXFileReference; explicitFileType = "wrapper.app-extension"; includeInIndex = 0; path = "PeepooWatch WatchKit Extension.appex"; sourceTree = BUILT_PRODUCTS_DIR; };
		1C59A21F27B7FC2B00BA1798 /* InterfaceController.swift */ = {isa = PBXFileReference; lastKnownFileType = sourcecode.swift; path = InterfaceController.swift; sourceTree = "<group>"; };
		1C59A22127B7FC2B00BA1798 /* ExtensionDelegate.swift */ = {isa = PBXFileReference; lastKnownFileType = sourcecode.swift; path = ExtensionDelegate.swift; sourceTree = "<group>"; };
		1C59A22327B7FC2B00BA1798 /* ComplicationController.swift */ = {isa = PBXFileReference; lastKnownFileType = sourcecode.swift; path = ComplicationController.swift; sourceTree = "<group>"; };
		1C59A22527B7FC2D00BA1798 /* Assets.xcassets */ = {isa = PBXFileReference; lastKnownFileType = folder.assetcatalog; path = Assets.xcassets; sourceTree = "<group>"; };
		1C59A22727B7FC2D00BA1798 /* Info.plist */ = {isa = PBXFileReference; lastKnownFileType = text.plist.xml; path = Info.plist; sourceTree = "<group>"; };
		23008F6E8189B41A1C2E3CAB /* Pods_PeePooPee.framework */ = {isa = PBXFileReference; explicitFileType = wrapper.framework; includeInIndex = 0; path = Pods_PeePooPee.framework; sourceTree = BUILT_PRODUCTS_DIR; };
		2D48C9A197CE4FB8F8F55A9E /* Pods-PeepooWatch WatchKit Extension.release.xcconfig */ = {isa = PBXFileReference; includeInIndex = 1; lastKnownFileType = text.xcconfig; name = "Pods-PeepooWatch WatchKit Extension.release.xcconfig"; path = "Target Support Files/Pods-PeepooWatch WatchKit Extension/Pods-PeepooWatch WatchKit Extension.release.xcconfig"; sourceTree = "<group>"; };
		340EFA42EB8E27DF78E77C87 /* Pods-PeepooWatch WatchKit Extension.debug.xcconfig */ = {isa = PBXFileReference; includeInIndex = 1; lastKnownFileType = text.xcconfig; name = "Pods-PeepooWatch WatchKit Extension.debug.xcconfig"; path = "Target Support Files/Pods-PeepooWatch WatchKit Extension/Pods-PeepooWatch WatchKit Extension.debug.xcconfig"; sourceTree = "<group>"; };
		3D6E746290CC1865FB243F8B /* Pods-PeepooWatch.debug.xcconfig */ = {isa = PBXFileReference; includeInIndex = 1; lastKnownFileType = text.xcconfig; name = "Pods-PeepooWatch.debug.xcconfig"; path = "Target Support Files/Pods-PeepooWatch/Pods-PeepooWatch.debug.xcconfig"; sourceTree = "<group>"; };
		71F2549D6B652DFB49EF565F /* Pods-PeePooPee.debug.xcconfig */ = {isa = PBXFileReference; includeInIndex = 1; lastKnownFileType = text.xcconfig; name = "Pods-PeePooPee.debug.xcconfig"; path = "Target Support Files/Pods-PeePooPee/Pods-PeePooPee.debug.xcconfig"; sourceTree = "<group>"; };
		93EC931AE3B08FC39AF4FF5B /* Pods-PeePooPee.release.xcconfig */ = {isa = PBXFileReference; includeInIndex = 1; lastKnownFileType = text.xcconfig; name = "Pods-PeePooPee.release.xcconfig"; path = "Target Support Files/Pods-PeePooPee/Pods-PeePooPee.release.xcconfig"; sourceTree = "<group>"; };
		A001E3D427B87EF500B47744 /* UIView+Extension.swift */ = {isa = PBXFileReference; lastKnownFileType = sourcecode.swift; path = "UIView+Extension.swift"; sourceTree = "<group>"; };
		A001E3D627B87F4400B47744 /* UIButton+Extension.swift */ = {isa = PBXFileReference; lastKnownFileType = sourcecode.swift; path = "UIButton+Extension.swift"; sourceTree = "<group>"; };
		A055573C27BB206C00AA33C6 /* UIStackView+Extension.swift */ = {isa = PBXFileReference; lastKnownFileType = sourcecode.swift; path = "UIStackView+Extension.swift"; sourceTree = "<group>"; };
		A055574027BC4ADB00AA33C6 /* 85584-curved-fan-animation.json */ = {isa = PBXFileReference; fileEncoding = 4; lastKnownFileType = text.json; path = "85584-curved-fan-animation.json"; sourceTree = "<group>"; };
		A055574227BD20EA00AA33C6 /* 51661-closed-tag.json */ = {isa = PBXFileReference; fileEncoding = 4; lastKnownFileType = text.json; path = "51661-closed-tag.json"; sourceTree = "<group>"; };
		A055574627BD21C700AA33C6 /* 51660-open.json */ = {isa = PBXFileReference; fileEncoding = 4; lastKnownFileType = text.json; path = "51660-open.json"; sourceTree = "<group>"; };
		A08410D027B88C6000F13184 /* 17081-pepe-poo-poo.json */ = {isa = PBXFileReference; fileEncoding = 4; lastKnownFileType = text.json; path = "17081-pepe-poo-poo.json"; sourceTree = "<group>"; };
		A3939ABE2746904C00412190 /* PeePooPee.app */ = {isa = PBXFileReference; explicitFileType = wrapper.application; includeInIndex = 0; path = PeePooPee.app; sourceTree = BUILT_PRODUCTS_DIR; };
		A3939AC12746904C00412190 /* AppDelegate.swift */ = {isa = PBXFileReference; lastKnownFileType = sourcecode.swift; path = AppDelegate.swift; sourceTree = "<group>"; };
		A3939ACA2746904E00412190 /* Assets.xcassets */ = {isa = PBXFileReference; lastKnownFileType = folder.assetcatalog; path = Assets.xcassets; sourceTree = "<group>"; };
		A3939ACD2746904E00412190 /* Base */ = {isa = PBXFileReference; lastKnownFileType = file.storyboard; name = Base; path = Base.lproj/LaunchScreen.storyboard; sourceTree = "<group>"; };
		A3939ACF2746904E00412190 /* Info.plist */ = {isa = PBXFileReference; lastKnownFileType = text.plist.xml; path = Info.plist; sourceTree = "<group>"; };
		A3939AD52746906600412190 /* MyHome.entitlements */ = {isa = PBXFileReference; lastKnownFileType = text.plist.entitlements; path = MyHome.entitlements; sourceTree = "<group>"; };
		A3939AD72746906700412190 /* HomeKit.framework */ = {isa = PBXFileReference; lastKnownFileType = wrapper.framework; name = HomeKit.framework; path = System/Library/Frameworks/HomeKit.framework; sourceTree = SDKROOT; };
		A3939ADB2746956F00412190 /* StartViewController.swift */ = {isa = PBXFileReference; lastKnownFileType = sourcecode.swift; path = StartViewController.swift; sourceTree = "<group>"; };
		A3939ADC2746956F00412190 /* StartViewController.xib */ = {isa = PBXFileReference; lastKnownFileType = file.xib; path = StartViewController.xib; sourceTree = "<group>"; };
		A3EAA245276B3EDE005F2A4A /* HomeViewController.swift */ = {isa = PBXFileReference; lastKnownFileType = sourcecode.swift; path = HomeViewController.swift; sourceTree = "<group>"; };
		A3EAA246276B3EDE005F2A4A /* HomeViewController.xib */ = {isa = PBXFileReference; lastKnownFileType = file.xib; path = HomeViewController.xib; sourceTree = "<group>"; };
		A3EAA249276B5078005F2A4A /* RoomViewController.swift */ = {isa = PBXFileReference; lastKnownFileType = sourcecode.swift; path = RoomViewController.swift; sourceTree = "<group>"; };
		A3EAA24A276B5078005F2A4A /* RoomViewController.xib */ = {isa = PBXFileReference; lastKnownFileType = file.xib; path = RoomViewController.xib; sourceTree = "<group>"; };
		A3EAA24D276B5278005F2A4A /* AccessoryBrowserViewController.swift */ = {isa = PBXFileReference; lastKnownFileType = sourcecode.swift; path = AccessoryBrowserViewController.swift; sourceTree = "<group>"; };
		A3EAA24E276B5278005F2A4A /* AccessoryBrowserViewController.xib */ = {isa = PBXFileReference; lastKnownFileType = file.xib; path = AccessoryBrowserViewController.xib; sourceTree = "<group>"; };
		A3EAA251276B75F1005F2A4A /* AccessoryViewController.swift */ = {isa = PBXFileReference; lastKnownFileType = sourcecode.swift; path = AccessoryViewController.swift; sourceTree = "<group>"; };
		A3EAA252276B75F1005F2A4A /* AccessoryViewController.xib */ = {isa = PBXFileReference; lastKnownFileType = file.xib; path = AccessoryViewController.xib; sourceTree = "<group>"; };
		BE3AC009C230B32D7159E1F4 /* Pods_PeepooWatch.framework */ = {isa = PBXFileReference; explicitFileType = wrapper.framework; includeInIndex = 0; path = Pods_PeepooWatch.framework; sourceTree = BUILT_PRODUCTS_DIR; };
		C2F2C0A5D14C938E9BF0BEFD /* Pods_PeepooWatch_WatchKit_Extension.framework */ = {isa = PBXFileReference; explicitFileType = wrapper.framework; includeInIndex = 0; path = Pods_PeepooWatch_WatchKit_Extension.framework; sourceTree = BUILT_PRODUCTS_DIR; };
/* End PBXFileReference section */

/* Begin PBXFrameworksBuildPhase section */
		1C59A21727B7FC2B00BA1798 /* Frameworks */ = {
			isa = PBXFrameworksBuildPhase;
			buildActionMask = 2147483647;
			files = (
				288CBC629E36E4932D74DA11 /* Pods_PeepooWatch_WatchKit_Extension.framework in Frameworks */,
			);
			runOnlyForDeploymentPostprocessing = 0;
		};
		9AFD6167996580E04CCB7D5A /* Frameworks */ = {
			isa = PBXFrameworksBuildPhase;
			buildActionMask = 2147483647;
			files = (
				32E52CD480EF291C63683204 /* Pods_PeepooWatch.framework in Frameworks */,
			);
			runOnlyForDeploymentPostprocessing = 0;
		};
		A3939ABB2746904C00412190 /* Frameworks */ = {
			isa = PBXFrameworksBuildPhase;
			buildActionMask = 2147483647;
			files = (
				A3939AD82746906700412190 /* HomeKit.framework in Frameworks */,
				BAEA079A73A1916B19ECCAF9 /* Pods_PeePooPee.framework in Frameworks */,
			);
			runOnlyForDeploymentPostprocessing = 0;
		};
/* End PBXFrameworksBuildPhase section */

/* Begin PBXGroup section */
		1C59A21027B7FC2A00BA1798 /* PeepooWatch */ = {
			isa = PBXGroup;
			children = (
				1C59A21127B7FC2A00BA1798 /* Interface.storyboard */,
				1C59A21427B7FC2B00BA1798 /* Assets.xcassets */,
			);
			path = PeepooWatch;
			sourceTree = "<group>";
		};
		1C59A21E27B7FC2B00BA1798 /* PeepooWatch WatchKit Extension */ = {
			isa = PBXGroup;
			children = (
				1C59A21F27B7FC2B00BA1798 /* InterfaceController.swift */,
				1C59A22127B7FC2B00BA1798 /* ExtensionDelegate.swift */,
				1C59A22327B7FC2B00BA1798 /* ComplicationController.swift */,
				1C59A22527B7FC2D00BA1798 /* Assets.xcassets */,
				1C59A22727B7FC2D00BA1798 /* Info.plist */,
			);
			path = "PeepooWatch WatchKit Extension";
			sourceTree = "<group>";
		};
		548A16748775885863D4F639 /* Pods */ = {
			isa = PBXGroup;
			children = (
				71F2549D6B652DFB49EF565F /* Pods-PeePooPee.debug.xcconfig */,
				93EC931AE3B08FC39AF4FF5B /* Pods-PeePooPee.release.xcconfig */,
				3D6E746290CC1865FB243F8B /* Pods-PeepooWatch.debug.xcconfig */,
				069C5BEDEB5F23F69A51DA3C /* Pods-PeepooWatch.release.xcconfig */,
				340EFA42EB8E27DF78E77C87 /* Pods-PeepooWatch WatchKit Extension.debug.xcconfig */,
				2D48C9A197CE4FB8F8F55A9E /* Pods-PeepooWatch WatchKit Extension.release.xcconfig */,
			);
			path = Pods;
			sourceTree = "<group>";
		};
		A001E3D027B87E0E00B47744 /* XIB */ = {
			isa = PBXGroup;
			children = (
				A3939ADC2746956F00412190 /* StartViewController.xib */,
				A3EAA246276B3EDE005F2A4A /* HomeViewController.xib */,
				A3EAA24A276B5078005F2A4A /* RoomViewController.xib */,
				A3EAA24E276B5278005F2A4A /* AccessoryBrowserViewController.xib */,
				A3EAA252276B75F1005F2A4A /* AccessoryViewController.xib */,
			);
			path = XIB;
			sourceTree = "<group>";
		};
		A001E3D127B87E1900B47744 /* ViewController */ = {
			isa = PBXGroup;
			children = (
				A3939ADB2746956F00412190 /* StartViewController.swift */,
				A3EAA245276B3EDE005F2A4A /* HomeViewController.swift */,
				A3EAA249276B5078005F2A4A /* RoomViewController.swift */,
				A3EAA24D276B5278005F2A4A /* AccessoryBrowserViewController.swift */,
				A3EAA251276B75F1005F2A4A /* AccessoryViewController.swift */,
			);
			path = ViewController;
			sourceTree = "<group>";
		};
		A001E3D227B87E2C00B47744 /* Extensions */ = {
			isa = PBXGroup;
			children = (
				A001E3D427B87EF500B47744 /* UIView+Extension.swift */,
				A001E3D627B87F4400B47744 /* UIButton+Extension.swift */,
				A055573C27BB206C00AA33C6 /* UIStackView+Extension.swift */,
			);
			path = Extensions;
			sourceTree = "<group>";
		};
		A001E3D327B87E3700B47744 /* Ressources */ = {
			isa = PBXGroup;
			children = (
				A08410D027B88C6000F13184 /* 17081-pepe-poo-poo.json */,
				A055574227BD20EA00AA33C6 /* 51661-closed-tag.json */,
				A055574627BD21C700AA33C6 /* 51660-open.json */,
				A055574027BC4ADB00AA33C6 /* 85584-curved-fan-animation.json */,
			);
			path = Ressources;
			sourceTree = "<group>";
		};
		A3939AB52746904C00412190 = {
			isa = PBXGroup;
			children = (
				A3939AC02746904C00412190 /* MyHome */,
				1C59A21027B7FC2A00BA1798 /* PeepooWatch */,
				1C59A21E27B7FC2B00BA1798 /* PeepooWatch WatchKit Extension */,
				A3939ABF2746904C00412190 /* Products */,
				A3939AD62746906700412190 /* Frameworks */,
				548A16748775885863D4F639 /* Pods */,
			);
			sourceTree = "<group>";
		};
		A3939ABF2746904C00412190 /* Products */ = {
			isa = PBXGroup;
			children = (
				A3939ABE2746904C00412190 /* PeePooPee.app */,
				1C59A20F27B7FC2A00BA1798 /* PeepooWatch.app */,
				1C59A21A27B7FC2B00BA1798 /* PeepooWatch WatchKit Extension.appex */,
			);
			name = Products;
			sourceTree = "<group>";
		};
		A3939AC02746904C00412190 /* MyHome */ = {
			isa = PBXGroup;
			children = (
				A3939AD52746906600412190 /* MyHome.entitlements */,
				A3939AC12746904C00412190 /* AppDelegate.swift */,
				A001E3D327B87E3700B47744 /* Ressources */,
				A001E3D227B87E2C00B47744 /* Extensions */,
				A001E3D127B87E1900B47744 /* ViewController */,
				A001E3D027B87E0E00B47744 /* XIB */,
				A3939ACA2746904E00412190 /* Assets.xcassets */,
				A3939ACC2746904E00412190 /* LaunchScreen.storyboard */,
				A3939ACF2746904E00412190 /* Info.plist */,
			);
			path = MyHome;
			sourceTree = "<group>";
		};
		A3939AD62746906700412190 /* Frameworks */ = {
			isa = PBXGroup;
			children = (
				A3939AD72746906700412190 /* HomeKit.framework */,
				23008F6E8189B41A1C2E3CAB /* Pods_PeePooPee.framework */,
				BE3AC009C230B32D7159E1F4 /* Pods_PeepooWatch.framework */,
				C2F2C0A5D14C938E9BF0BEFD /* Pods_PeepooWatch_WatchKit_Extension.framework */,
			);
			name = Frameworks;
			sourceTree = "<group>";
		};
/* End PBXGroup section */

/* Begin PBXNativeTarget section */
		1C59A20E27B7FC2A00BA1798 /* PeepooWatch */ = {
			isa = PBXNativeTarget;
			buildConfigurationList = 1C59A22F27B7FC2D00BA1798 /* Build configuration list for PBXNativeTarget "PeepooWatch" */;
			buildPhases = (
				647EFD21D26950810E8E48D1 /* [CP] Check Pods Manifest.lock */,
				1C59A20D27B7FC2A00BA1798 /* Resources */,
				1C59A22E27B7FC2D00BA1798 /* Embed App Extensions */,
				9AFD6167996580E04CCB7D5A /* Frameworks */,
			);
			buildRules = (
			);
			dependencies = (
				1C59A21D27B7FC2B00BA1798 /* PBXTargetDependency */,
			);
			name = PeepooWatch;
			productName = PeepooWatch;
			productReference = 1C59A20F27B7FC2A00BA1798 /* PeepooWatch.app */;
			productType = "com.apple.product-type.application.watchapp2";
		};
		1C59A21927B7FC2B00BA1798 /* PeepooWatch WatchKit Extension */ = {
			isa = PBXNativeTarget;
			buildConfigurationList = 1C59A22B27B7FC2D00BA1798 /* Build configuration list for PBXNativeTarget "PeepooWatch WatchKit Extension" */;
			buildPhases = (
				B27848CC3B8024141B1F7DAE /* [CP] Check Pods Manifest.lock */,
				1C59A21627B7FC2B00BA1798 /* Sources */,
				1C59A21727B7FC2B00BA1798 /* Frameworks */,
				1C59A21827B7FC2B00BA1798 /* Resources */,
			);
			buildRules = (
			);
			dependencies = (
			);
			name = "PeepooWatch WatchKit Extension";
			productName = "PeepooWatch WatchKit Extension";
			productReference = 1C59A21A27B7FC2B00BA1798 /* PeepooWatch WatchKit Extension.appex */;
			productType = "com.apple.product-type.watchkit2-extension";
		};
		A3939ABD2746904C00412190 /* PeePooPee */ = {
			isa = PBXNativeTarget;
			buildConfigurationList = A3939AD22746904E00412190 /* Build configuration list for PBXNativeTarget "PeePooPee" */;
			buildPhases = (
				0F39F681841A8C6DA0D2B4A5 /* [CP] Check Pods Manifest.lock */,
				A3939ABA2746904C00412190 /* Sources */,
				A3939ABB2746904C00412190 /* Frameworks */,
				A3939ABC2746904C00412190 /* Resources */,
				1C59A1E527B7E90200BA1798 /* Embed Watch Content */,
				376F65000D8C314B44C1CCB3 /* [CP] Embed Pods Frameworks */,
			);
			buildRules = (
			);
			dependencies = (
				1C59A22927B7FC2D00BA1798 /* PBXTargetDependency */,
			);
			name = PeePooPee;
			productName = MyHome;
			productReference = A3939ABE2746904C00412190 /* PeePooPee.app */;
			productType = "com.apple.product-type.application";
		};
/* End PBXNativeTarget section */

/* Begin PBXProject section */
		A3939AB62746904C00412190 /* Project object */ = {
			isa = PBXProject;
			attributes = {
				BuildIndependentTargetsInParallel = 1;
				LastSwiftUpdateCheck = 1320;
				LastUpgradeCheck = 1310;
				TargetAttributes = {
					1C59A20E27B7FC2A00BA1798 = {
						CreatedOnToolsVersion = 13.2.1;
					};
					1C59A21927B7FC2B00BA1798 = {
						CreatedOnToolsVersion = 13.2.1;
					};
					A3939ABD2746904C00412190 = {
						CreatedOnToolsVersion = 13.1;
					};
				};
			};
			buildConfigurationList = A3939AB92746904C00412190 /* Build configuration list for PBXProject "PeePooPee" */;
			compatibilityVersion = "Xcode 13.0";
			developmentRegion = en;
			hasScannedForEncodings = 0;
			knownRegions = (
				en,
				Base,
			);
			mainGroup = A3939AB52746904C00412190;
			productRefGroup = A3939ABF2746904C00412190 /* Products */;
			projectDirPath = "";
			projectRoot = "";
			targets = (
				A3939ABD2746904C00412190 /* PeePooPee */,
				1C59A20E27B7FC2A00BA1798 /* PeepooWatch */,
				1C59A21927B7FC2B00BA1798 /* PeepooWatch WatchKit Extension */,
			);
		};
/* End PBXProject section */

/* Begin PBXResourcesBuildPhase section */
		1C59A20D27B7FC2A00BA1798 /* Resources */ = {
			isa = PBXResourcesBuildPhase;
			buildActionMask = 2147483647;
			files = (
				1C59A21527B7FC2B00BA1798 /* Assets.xcassets in Resources */,
				1C59A21327B7FC2A00BA1798 /* Interface.storyboard in Resources */,
			);
			runOnlyForDeploymentPostprocessing = 0;
		};
		1C59A21827B7FC2B00BA1798 /* Resources */ = {
			isa = PBXResourcesBuildPhase;
			buildActionMask = 2147483647;
			files = (
				1C59A22627B7FC2D00BA1798 /* Assets.xcassets in Resources */,
			);
			runOnlyForDeploymentPostprocessing = 0;
		};
		A3939ABC2746904C00412190 /* Resources */ = {
			isa = PBXResourcesBuildPhase;
			buildActionMask = 2147483647;
			files = (
				A3EAA250276B5278005F2A4A /* AccessoryBrowserViewController.xib in Resources */,
				A3EAA24C276B5078005F2A4A /* RoomViewController.xib in Resources */,
				A055574727BD21C700AA33C6 /* 51660-open.json in Resources */,
				A3EAA254276B75F1005F2A4A /* AccessoryViewController.xib in Resources */,
				A3939ACE2746904E00412190 /* LaunchScreen.storyboard in Resources */,
				A3939ACB2746904E00412190 /* Assets.xcassets in Resources */,
				A08410D127B88C6000F13184 /* 17081-pepe-poo-poo.json in Resources */,
				A055574327BD20EA00AA33C6 /* 51661-closed-tag.json in Resources */,
				A3939ADE2746956F00412190 /* StartViewController.xib in Resources */,
				A055574127BC4ADB00AA33C6 /* 85584-curved-fan-animation.json in Resources */,
				A3EAA248276B3EDE005F2A4A /* HomeViewController.xib in Resources */,
			);
			runOnlyForDeploymentPostprocessing = 0;
		};
/* End PBXResourcesBuildPhase section */

/* Begin PBXShellScriptBuildPhase section */
		0F39F681841A8C6DA0D2B4A5 /* [CP] Check Pods Manifest.lock */ = {
			isa = PBXShellScriptBuildPhase;
			buildActionMask = 2147483647;
			files = (
			);
			inputFileListPaths = (
			);
			inputPaths = (
				"${PODS_PODFILE_DIR_PATH}/Podfile.lock",
				"${PODS_ROOT}/Manifest.lock",
			);
			name = "[CP] Check Pods Manifest.lock";
			outputFileListPaths = (
			);
			outputPaths = (
				"$(DERIVED_FILE_DIR)/Pods-PeePooPee-checkManifestLockResult.txt",
			);
			runOnlyForDeploymentPostprocessing = 0;
			shellPath = /bin/sh;
			shellScript = "diff \"${PODS_PODFILE_DIR_PATH}/Podfile.lock\" \"${PODS_ROOT}/Manifest.lock\" > /dev/null\nif [ $? != 0 ] ; then\n    # print error to STDERR\n    echo \"error: The sandbox is not in sync with the Podfile.lock. Run 'pod install' or update your CocoaPods installation.\" >&2\n    exit 1\nfi\n# This output is used by Xcode 'outputs' to avoid re-running this script phase.\necho \"SUCCESS\" > \"${SCRIPT_OUTPUT_FILE_0}\"\n";
			showEnvVarsInLog = 0;
		};
		376F65000D8C314B44C1CCB3 /* [CP] Embed Pods Frameworks */ = {
			isa = PBXShellScriptBuildPhase;
			buildActionMask = 2147483647;
			files = (
			);
			inputFileListPaths = (
				"${PODS_ROOT}/Target Support Files/Pods-PeePooPee/Pods-PeePooPee-frameworks-${CONFIGURATION}-input-files.xcfilelist",
			);
			name = "[CP] Embed Pods Frameworks";
			outputFileListPaths = (
				"${PODS_ROOT}/Target Support Files/Pods-PeePooPee/Pods-PeePooPee-frameworks-${CONFIGURATION}-output-files.xcfilelist",
			);
			runOnlyForDeploymentPostprocessing = 0;
			shellPath = /bin/sh;
			shellScript = "\"${PODS_ROOT}/Target Support Files/Pods-PeePooPee/Pods-PeePooPee-frameworks.sh\"\n";
			showEnvVarsInLog = 0;
		};
		647EFD21D26950810E8E48D1 /* [CP] Check Pods Manifest.lock */ = {
			isa = PBXShellScriptBuildPhase;
			buildActionMask = 2147483647;
			files = (
			);
			inputFileListPaths = (
			);
			inputPaths = (
				"${PODS_PODFILE_DIR_PATH}/Podfile.lock",
				"${PODS_ROOT}/Manifest.lock",
			);
			name = "[CP] Check Pods Manifest.lock";
			outputFileListPaths = (
			);
			outputPaths = (
				"$(DERIVED_FILE_DIR)/Pods-PeepooWatch-checkManifestLockResult.txt",
			);
			runOnlyForDeploymentPostprocessing = 0;
			shellPath = /bin/sh;
			shellScript = "diff \"${PODS_PODFILE_DIR_PATH}/Podfile.lock\" \"${PODS_ROOT}/Manifest.lock\" > /dev/null\nif [ $? != 0 ] ; then\n    # print error to STDERR\n    echo \"error: The sandbox is not in sync with the Podfile.lock. Run 'pod install' or update your CocoaPods installation.\" >&2\n    exit 1\nfi\n# This output is used by Xcode 'outputs' to avoid re-running this script phase.\necho \"SUCCESS\" > \"${SCRIPT_OUTPUT_FILE_0}\"\n";
			showEnvVarsInLog = 0;
		};
		B27848CC3B8024141B1F7DAE /* [CP] Check Pods Manifest.lock */ = {
			isa = PBXShellScriptBuildPhase;
			buildActionMask = 2147483647;
			files = (
			);
			inputFileListPaths = (
			);
			inputPaths = (
				"${PODS_PODFILE_DIR_PATH}/Podfile.lock",
				"${PODS_ROOT}/Manifest.lock",
			);
			name = "[CP] Check Pods Manifest.lock";
			outputFileListPaths = (
			);
			outputPaths = (
				"$(DERIVED_FILE_DIR)/Pods-PeepooWatch WatchKit Extension-checkManifestLockResult.txt",
			);
			runOnlyForDeploymentPostprocessing = 0;
			shellPath = /bin/sh;
			shellScript = "diff \"${PODS_PODFILE_DIR_PATH}/Podfile.lock\" \"${PODS_ROOT}/Manifest.lock\" > /dev/null\nif [ $? != 0 ] ; then\n    # print error to STDERR\n    echo \"error: The sandbox is not in sync with the Podfile.lock. Run 'pod install' or update your CocoaPods installation.\" >&2\n    exit 1\nfi\n# This output is used by Xcode 'outputs' to avoid re-running this script phase.\necho \"SUCCESS\" > \"${SCRIPT_OUTPUT_FILE_0}\"\n";
			showEnvVarsInLog = 0;
		};
/* End PBXShellScriptBuildPhase section */

/* Begin PBXSourcesBuildPhase section */
		1C59A21627B7FC2B00BA1798 /* Sources */ = {
			isa = PBXSourcesBuildPhase;
			buildActionMask = 2147483647;
			files = (
				1C59A22227B7FC2B00BA1798 /* ExtensionDelegate.swift in Sources */,
				1C59A22027B7FC2B00BA1798 /* InterfaceController.swift in Sources */,
				1C59A22427B7FC2B00BA1798 /* ComplicationController.swift in Sources */,
			);
			runOnlyForDeploymentPostprocessing = 0;
		};
		A3939ABA2746904C00412190 /* Sources */ = {
			isa = PBXSourcesBuildPhase;
			buildActionMask = 2147483647;
			files = (
				A3939AC22746904C00412190 /* AppDelegate.swift in Sources */,
				A001E3D527B87EF500B47744 /* UIView+Extension.swift in Sources */,
				A3939ADD2746956F00412190 /* StartViewController.swift in Sources */,
				A3EAA247276B3EDE005F2A4A /* HomeViewController.swift in Sources */,
				A3EAA24F276B5278005F2A4A /* AccessoryBrowserViewController.swift in Sources */,
				A055573D27BB206C00AA33C6 /* UIStackView+Extension.swift in Sources */,
				A001E3D727B87F4400B47744 /* UIButton+Extension.swift in Sources */,
				A3EAA24B276B5078005F2A4A /* RoomViewController.swift in Sources */,
				A3EAA253276B75F1005F2A4A /* AccessoryViewController.swift in Sources */,
			);
			runOnlyForDeploymentPostprocessing = 0;
		};
/* End PBXSourcesBuildPhase section */

/* Begin PBXTargetDependency section */
		1C59A21D27B7FC2B00BA1798 /* PBXTargetDependency */ = {
			isa = PBXTargetDependency;
			target = 1C59A21927B7FC2B00BA1798 /* PeepooWatch WatchKit Extension */;
			targetProxy = 1C59A21C27B7FC2B00BA1798 /* PBXContainerItemProxy */;
		};
		1C59A22927B7FC2D00BA1798 /* PBXTargetDependency */ = {
			isa = PBXTargetDependency;
			target = 1C59A20E27B7FC2A00BA1798 /* PeepooWatch */;
			targetProxy = 1C59A22827B7FC2D00BA1798 /* PBXContainerItemProxy */;
		};
/* End PBXTargetDependency section */

/* Begin PBXVariantGroup section */
		1C59A21127B7FC2A00BA1798 /* Interface.storyboard */ = {
			isa = PBXVariantGroup;
			children = (
				1C59A21227B7FC2A00BA1798 /* Base */,
			);
			name = Interface.storyboard;
			sourceTree = "<group>";
		};
		A3939ACC2746904E00412190 /* LaunchScreen.storyboard */ = {
			isa = PBXVariantGroup;
			children = (
				A3939ACD2746904E00412190 /* Base */,
			);
			name = LaunchScreen.storyboard;
			sourceTree = "<group>";
		};
/* End PBXVariantGroup section */

/* Begin XCBuildConfiguration section */
		1C59A22C27B7FC2D00BA1798 /* Debug */ = {
			isa = XCBuildConfiguration;
			baseConfigurationReference = 340EFA42EB8E27DF78E77C87 /* Pods-PeepooWatch WatchKit Extension.debug.xcconfig */;
			buildSettings = {
				ASSETCATALOG_COMPILER_COMPLICATION_NAME = Complication;
				CODE_SIGN_STYLE = Automatic;
				CURRENT_PROJECT_VERSION = 1;
				DEVELOPMENT_TEAM = F6QF2YD33Q;
				GENERATE_INFOPLIST_FILE = YES;
				INFOPLIST_FILE = "PeepooWatch WatchKit Extension/Info.plist";
				INFOPLIST_KEY_CFBundleDisplayName = "PeepooWatch WatchKit Extension";
				INFOPLIST_KEY_CLKComplicationPrincipalClass = PeepooWatch_WatchKit_Extension.ComplicationController;
				INFOPLIST_KEY_NSHumanReadableCopyright = "";
				INFOPLIST_KEY_WKExtensionDelegateClassName = PeepooWatch_WatchKit_Extension.ExtensionDelegate;
				INFOPLIST_KEY_WKRunsIndependentlyOfCompanionApp = YES;
				LD_RUNPATH_SEARCH_PATHS = (
					"$(inherited)",
					"@executable_path/Frameworks",
					"@executable_path/../../Frameworks",
				);
				MARKETING_VERSION = 1.0;
				PRODUCT_BUNDLE_IDENTIFIER = com.cnguyen.peepoopeeapp.watchkitapp.watchkitextension;
				PRODUCT_NAME = "${TARGET_NAME}";
				SDKROOT = watchos;
				SKIP_INSTALL = YES;
				SWIFT_EMIT_LOC_STRINGS = YES;
				SWIFT_VERSION = 5.0;
				TARGETED_DEVICE_FAMILY = 4;
				WATCHOS_DEPLOYMENT_TARGET = 8.3;
			};
			name = Debug;
		};
		1C59A22D27B7FC2D00BA1798 /* Release */ = {
			isa = XCBuildConfiguration;
			baseConfigurationReference = 2D48C9A197CE4FB8F8F55A9E /* Pods-PeepooWatch WatchKit Extension.release.xcconfig */;
			buildSettings = {
				ASSETCATALOG_COMPILER_COMPLICATION_NAME = Complication;
				CODE_SIGN_STYLE = Automatic;
				CURRENT_PROJECT_VERSION = 1;
				DEVELOPMENT_TEAM = F6QF2YD33Q;
				GENERATE_INFOPLIST_FILE = YES;
				INFOPLIST_FILE = "PeepooWatch WatchKit Extension/Info.plist";
				INFOPLIST_KEY_CFBundleDisplayName = "PeepooWatch WatchKit Extension";
				INFOPLIST_KEY_CLKComplicationPrincipalClass = PeepooWatch_WatchKit_Extension.ComplicationController;
				INFOPLIST_KEY_NSHumanReadableCopyright = "";
				INFOPLIST_KEY_WKExtensionDelegateClassName = PeepooWatch_WatchKit_Extension.ExtensionDelegate;
				INFOPLIST_KEY_WKRunsIndependentlyOfCompanionApp = YES;
				LD_RUNPATH_SEARCH_PATHS = (
					"$(inherited)",
					"@executable_path/Frameworks",
					"@executable_path/../../Frameworks",
				);
				MARKETING_VERSION = 1.0;
				PRODUCT_BUNDLE_IDENTIFIER = com.cnguyen.peepoopeeapp.watchkitapp.watchkitextension;
				PRODUCT_NAME = "${TARGET_NAME}";
				SDKROOT = watchos;
				SKIP_INSTALL = YES;
				SWIFT_EMIT_LOC_STRINGS = YES;
				SWIFT_VERSION = 5.0;
				TARGETED_DEVICE_FAMILY = 4;
				WATCHOS_DEPLOYMENT_TARGET = 8.3;
			};
			name = Release;
		};
		1C59A23027B7FC2D00BA1798 /* Debug */ = {
			isa = XCBuildConfiguration;
			baseConfigurationReference = 3D6E746290CC1865FB243F8B /* Pods-PeepooWatch.debug.xcconfig */;
			buildSettings = {
				ALWAYS_EMBED_SWIFT_STANDARD_LIBRARIES = YES;
				ASSETCATALOG_COMPILER_APPICON_NAME = AppIcon;
				ASSETCATALOG_COMPILER_GLOBAL_ACCENT_COLOR_NAME = AccentColor;
				CODE_SIGN_IDENTITY = "Apple Development";
				CODE_SIGN_STYLE = Automatic;
				CURRENT_PROJECT_VERSION = 1;
				DEVELOPMENT_TEAM = F6QF2YD33Q;
				GENERATE_INFOPLIST_FILE = YES;
				IBSC_MODULE = PeepooWatch_WatchKit_Extension;
				INFOPLIST_KEY_CFBundleDisplayName = PeepooWatch;
				INFOPLIST_KEY_UISupportedInterfaceOrientations = "UIInterfaceOrientationPortrait UIInterfaceOrientationPortraitUpsideDown";
				INFOPLIST_KEY_WKCompanionAppBundleIdentifier = com.cnguyen.peepoopeeapp;
				MARKETING_VERSION = 1.0;
				PRODUCT_BUNDLE_IDENTIFIER = com.cnguyen.peepoopeeapp.watchkitapp;
				PRODUCT_NAME = "$(TARGET_NAME)";
				PROVISIONING_PROFILE_SPECIFIER = "";
				SDKROOT = watchos;
				SKIP_INSTALL = YES;
				SWIFT_EMIT_LOC_STRINGS = YES;
				SWIFT_VERSION = 5.0;
				TARGETED_DEVICE_FAMILY = 4;
				WATCHOS_DEPLOYMENT_TARGET = 8.3;
			};
			name = Debug;
		};
		1C59A23127B7FC2D00BA1798 /* Release */ = {
			isa = XCBuildConfiguration;
			baseConfigurationReference = 069C5BEDEB5F23F69A51DA3C /* Pods-PeepooWatch.release.xcconfig */;
			buildSettings = {
				ALWAYS_EMBED_SWIFT_STANDARD_LIBRARIES = YES;
				ASSETCATALOG_COMPILER_APPICON_NAME = AppIcon;
				ASSETCATALOG_COMPILER_GLOBAL_ACCENT_COLOR_NAME = AccentColor;
				CODE_SIGN_IDENTITY = "Apple Development";
				CODE_SIGN_STYLE = Automatic;
				CURRENT_PROJECT_VERSION = 1;
				DEVELOPMENT_TEAM = F6QF2YD33Q;
				GENERATE_INFOPLIST_FILE = YES;
				IBSC_MODULE = PeepooWatch_WatchKit_Extension;
				INFOPLIST_KEY_CFBundleDisplayName = PeepooWatch;
				INFOPLIST_KEY_UISupportedInterfaceOrientations = "UIInterfaceOrientationPortrait UIInterfaceOrientationPortraitUpsideDown";
				INFOPLIST_KEY_WKCompanionAppBundleIdentifier = com.cnguyen.peepoopeeapp;
				MARKETING_VERSION = 1.0;
				PRODUCT_BUNDLE_IDENTIFIER = com.cnguyen.peepoopeeapp.watchkitapp;
				PRODUCT_NAME = "$(TARGET_NAME)";
				PROVISIONING_PROFILE_SPECIFIER = "";
				SDKROOT = watchos;
				SKIP_INSTALL = YES;
				SWIFT_EMIT_LOC_STRINGS = YES;
				SWIFT_VERSION = 5.0;
				TARGETED_DEVICE_FAMILY = 4;
				WATCHOS_DEPLOYMENT_TARGET = 8.3;
			};
			name = Release;
		};
		A3939AD02746904E00412190 /* Debug */ = {
			isa = XCBuildConfiguration;
			buildSettings = {
				ALWAYS_SEARCH_USER_PATHS = NO;
				CLANG_ANALYZER_NONNULL = YES;
				CLANG_ANALYZER_NUMBER_OBJECT_CONVERSION = YES_AGGRESSIVE;
				CLANG_CXX_LANGUAGE_STANDARD = "gnu++17";
				CLANG_CXX_LIBRARY = "libc++";
				CLANG_ENABLE_MODULES = YES;
				CLANG_ENABLE_OBJC_ARC = YES;
				CLANG_ENABLE_OBJC_WEAK = YES;
				CLANG_WARN_BLOCK_CAPTURE_AUTORELEASING = YES;
				CLANG_WARN_BOOL_CONVERSION = YES;
				CLANG_WARN_COMMA = YES;
				CLANG_WARN_CONSTANT_CONVERSION = YES;
				CLANG_WARN_DEPRECATED_OBJC_IMPLEMENTATIONS = YES;
				CLANG_WARN_DIRECT_OBJC_ISA_USAGE = YES_ERROR;
				CLANG_WARN_DOCUMENTATION_COMMENTS = YES;
				CLANG_WARN_EMPTY_BODY = YES;
				CLANG_WARN_ENUM_CONVERSION = YES;
				CLANG_WARN_INFINITE_RECURSION = YES;
				CLANG_WARN_INT_CONVERSION = YES;
				CLANG_WARN_NON_LITERAL_NULL_CONVERSION = YES;
				CLANG_WARN_OBJC_IMPLICIT_RETAIN_SELF = YES;
				CLANG_WARN_OBJC_LITERAL_CONVERSION = YES;
				CLANG_WARN_OBJC_ROOT_CLASS = YES_ERROR;
				CLANG_WARN_QUOTED_INCLUDE_IN_FRAMEWORK_HEADER = YES;
				CLANG_WARN_RANGE_LOOP_ANALYSIS = YES;
				CLANG_WARN_STRICT_PROTOTYPES = YES;
				CLANG_WARN_SUSPICIOUS_MOVE = YES;
				CLANG_WARN_UNGUARDED_AVAILABILITY = YES_AGGRESSIVE;
				CLANG_WARN_UNREACHABLE_CODE = YES;
				CLANG_WARN__DUPLICATE_METHOD_MATCH = YES;
				COPY_PHASE_STRIP = NO;
				DEBUG_INFORMATION_FORMAT = dwarf;
				ENABLE_STRICT_OBJC_MSGSEND = YES;
				ENABLE_TESTABILITY = YES;
				GCC_C_LANGUAGE_STANDARD = gnu11;
				GCC_DYNAMIC_NO_PIC = NO;
				GCC_NO_COMMON_BLOCKS = YES;
				GCC_OPTIMIZATION_LEVEL = 0;
				GCC_PREPROCESSOR_DEFINITIONS = (
					"DEBUG=1",
					"$(inherited)",
				);
				GCC_WARN_64_TO_32_BIT_CONVERSION = YES;
				GCC_WARN_ABOUT_RETURN_TYPE = YES_ERROR;
				GCC_WARN_UNDECLARED_SELECTOR = YES;
				GCC_WARN_UNINITIALIZED_AUTOS = YES_AGGRESSIVE;
				GCC_WARN_UNUSED_FUNCTION = YES;
				GCC_WARN_UNUSED_VARIABLE = YES;
				IPHONEOS_DEPLOYMENT_TARGET = 13.6;
				MTL_ENABLE_DEBUG_INFO = INCLUDE_SOURCE;
				MTL_FAST_MATH = YES;
				ONLY_ACTIVE_ARCH = YES;
				SDKROOT = iphoneos;
				SWIFT_ACTIVE_COMPILATION_CONDITIONS = DEBUG;
				SWIFT_OPTIMIZATION_LEVEL = "-Onone";
			};
			name = Debug;
		};
		A3939AD12746904E00412190 /* Release */ = {
			isa = XCBuildConfiguration;
			buildSettings = {
				ALWAYS_SEARCH_USER_PATHS = NO;
				CLANG_ANALYZER_NONNULL = YES;
				CLANG_ANALYZER_NUMBER_OBJECT_CONVERSION = YES_AGGRESSIVE;
				CLANG_CXX_LANGUAGE_STANDARD = "gnu++17";
				CLANG_CXX_LIBRARY = "libc++";
				CLANG_ENABLE_MODULES = YES;
				CLANG_ENABLE_OBJC_ARC = YES;
				CLANG_ENABLE_OBJC_WEAK = YES;
				CLANG_WARN_BLOCK_CAPTURE_AUTORELEASING = YES;
				CLANG_WARN_BOOL_CONVERSION = YES;
				CLANG_WARN_COMMA = YES;
				CLANG_WARN_CONSTANT_CONVERSION = YES;
				CLANG_WARN_DEPRECATED_OBJC_IMPLEMENTATIONS = YES;
				CLANG_WARN_DIRECT_OBJC_ISA_USAGE = YES_ERROR;
				CLANG_WARN_DOCUMENTATION_COMMENTS = YES;
				CLANG_WARN_EMPTY_BODY = YES;
				CLANG_WARN_ENUM_CONVERSION = YES;
				CLANG_WARN_INFINITE_RECURSION = YES;
				CLANG_WARN_INT_CONVERSION = YES;
				CLANG_WARN_NON_LITERAL_NULL_CONVERSION = YES;
				CLANG_WARN_OBJC_IMPLICIT_RETAIN_SELF = YES;
				CLANG_WARN_OBJC_LITERAL_CONVERSION = YES;
				CLANG_WARN_OBJC_ROOT_CLASS = YES_ERROR;
				CLANG_WARN_QUOTED_INCLUDE_IN_FRAMEWORK_HEADER = YES;
				CLANG_WARN_RANGE_LOOP_ANALYSIS = YES;
				CLANG_WARN_STRICT_PROTOTYPES = YES;
				CLANG_WARN_SUSPICIOUS_MOVE = YES;
				CLANG_WARN_UNGUARDED_AVAILABILITY = YES_AGGRESSIVE;
				CLANG_WARN_UNREACHABLE_CODE = YES;
				CLANG_WARN__DUPLICATE_METHOD_MATCH = YES;
				COPY_PHASE_STRIP = NO;
				DEBUG_INFORMATION_FORMAT = "dwarf-with-dsym";
				ENABLE_NS_ASSERTIONS = NO;
				ENABLE_STRICT_OBJC_MSGSEND = YES;
				GCC_C_LANGUAGE_STANDARD = gnu11;
				GCC_NO_COMMON_BLOCKS = YES;
				GCC_WARN_64_TO_32_BIT_CONVERSION = YES;
				GCC_WARN_ABOUT_RETURN_TYPE = YES_ERROR;
				GCC_WARN_UNDECLARED_SELECTOR = YES;
				GCC_WARN_UNINITIALIZED_AUTOS = YES_AGGRESSIVE;
				GCC_WARN_UNUSED_FUNCTION = YES;
				GCC_WARN_UNUSED_VARIABLE = YES;
				IPHONEOS_DEPLOYMENT_TARGET = 13.6;
				MTL_ENABLE_DEBUG_INFO = NO;
				MTL_FAST_MATH = YES;
				SDKROOT = iphoneos;
				SWIFT_COMPILATION_MODE = wholemodule;
				SWIFT_OPTIMIZATION_LEVEL = "-O";
				VALIDATE_PRODUCT = YES;
			};
			name = Release;
		};
		A3939AD32746904E00412190 /* Debug */ = {
			isa = XCBuildConfiguration;
			baseConfigurationReference = 71F2549D6B652DFB49EF565F /* Pods-PeePooPee.debug.xcconfig */;
			buildSettings = {
				ASSETCATALOG_COMPILER_APPICON_NAME = AppIcon;
				ASSETCATALOG_COMPILER_GLOBAL_ACCENT_COLOR_NAME = AccentColor;
				CODE_SIGN_ENTITLEMENTS = MyHome/MyHome.entitlements;
				CODE_SIGN_STYLE = Automatic;
				CURRENT_PROJECT_VERSION = 1;
				DEVELOPMENT_TEAM = F6QF2YD33Q;
				GENERATE_INFOPLIST_FILE = YES;
				INFOPLIST_FILE = MyHome/Info.plist;
				INFOPLIST_KEY_NSHomeKitUsageDescription = "PeePooPee souhaite accèder aux informations de votre maison";
				INFOPLIST_KEY_UIApplicationSupportsIndirectInputEvents = YES;
				INFOPLIST_KEY_UILaunchStoryboardName = LaunchScreen;
				INFOPLIST_KEY_UISupportedInterfaceOrientations = UIInterfaceOrientationPortrait;
				INFOPLIST_KEY_UISupportedInterfaceOrientations_iPad = "UIInterfaceOrientationPortrait UIInterfaceOrientationPortraitUpsideDown UIInterfaceOrientationLandscapeLeft UIInterfaceOrientationLandscapeRight";
				INFOPLIST_KEY_UISupportedInterfaceOrientations_iPhone = "UIInterfaceOrientationPortrait UIInterfaceOrientationLandscapeLeft UIInterfaceOrientationLandscapeRight";
				LD_RUNPATH_SEARCH_PATHS = (
					"$(inherited)",
					"@executable_path/Frameworks",
				);
				MARKETING_VERSION = 1.0;
				PRODUCT_BUNDLE_IDENTIFIER = com.cnguyen.peepoopeeapp;
				PRODUCT_NAME = "$(TARGET_NAME)";
				SWIFT_EMIT_LOC_STRINGS = YES;
				SWIFT_VERSION = 5.0;
				TARGETED_DEVICE_FAMILY = "1,2";
			};
			name = Debug;
		};
		A3939AD42746904E00412190 /* Release */ = {
			isa = XCBuildConfiguration;
			baseConfigurationReference = 93EC931AE3B08FC39AF4FF5B /* Pods-PeePooPee.release.xcconfig */;
			buildSettings = {
				ASSETCATALOG_COMPILER_APPICON_NAME = AppIcon;
				ASSETCATALOG_COMPILER_GLOBAL_ACCENT_COLOR_NAME = AccentColor;
				CODE_SIGN_ENTITLEMENTS = MyHome/MyHome.entitlements;
				CODE_SIGN_STYLE = Automatic;
				CURRENT_PROJECT_VERSION = 1;
				DEVELOPMENT_TEAM = F6QF2YD33Q;
				GENERATE_INFOPLIST_FILE = YES;
				INFOPLIST_FILE = MyHome/Info.plist;
				INFOPLIST_KEY_NSHomeKitUsageDescription = "PeePooPee souhaite accèder aux informations de votre maison";
				INFOPLIST_KEY_UIApplicationSupportsIndirectInputEvents = YES;
				INFOPLIST_KEY_UILaunchStoryboardName = LaunchScreen;
				INFOPLIST_KEY_UISupportedInterfaceOrientations = UIInterfaceOrientationPortrait;
				INFOPLIST_KEY_UISupportedInterfaceOrientations_iPad = "UIInterfaceOrientationPortrait UIInterfaceOrientationPortraitUpsideDown UIInterfaceOrientationLandscapeLeft UIInterfaceOrientationLandscapeRight";
				INFOPLIST_KEY_UISupportedInterfaceOrientations_iPhone = "UIInterfaceOrientationPortrait UIInterfaceOrientationLandscapeLeft UIInterfaceOrientationLandscapeRight";
				LD_RUNPATH_SEARCH_PATHS = (
					"$(inherited)",
					"@executable_path/Frameworks",
				);
				MARKETING_VERSION = 1.0;
				PRODUCT_BUNDLE_IDENTIFIER = com.cnguyen.peepoopeeapp;
				PRODUCT_NAME = "$(TARGET_NAME)";
				SWIFT_EMIT_LOC_STRINGS = YES;
				SWIFT_VERSION = 5.0;
				TARGETED_DEVICE_FAMILY = "1,2";
			};
			name = Release;
		};
/* End XCBuildConfiguration section */

/* Begin XCConfigurationList section */
		1C59A22B27B7FC2D00BA1798 /* Build configuration list for PBXNativeTarget "PeepooWatch WatchKit Extension" */ = {
			isa = XCConfigurationList;
			buildConfigurations = (
				1C59A22C27B7FC2D00BA1798 /* Debug */,
				1C59A22D27B7FC2D00BA1798 /* Release */,
			);
			defaultConfigurationIsVisible = 0;
			defaultConfigurationName = Release;
		};
		1C59A22F27B7FC2D00BA1798 /* Build configuration list for PBXNativeTarget "PeepooWatch" */ = {
			isa = XCConfigurationList;
			buildConfigurations = (
				1C59A23027B7FC2D00BA1798 /* Debug */,
				1C59A23127B7FC2D00BA1798 /* Release */,
			);
			defaultConfigurationIsVisible = 0;
			defaultConfigurationName = Release;
		};
		A3939AB92746904C00412190 /* Build configuration list for PBXProject "PeePooPee" */ = {
			isa = XCConfigurationList;
			buildConfigurations = (
				A3939AD02746904E00412190 /* Debug */,
				A3939AD12746904E00412190 /* Release */,
			);
			defaultConfigurationIsVisible = 0;
			defaultConfigurationName = Release;
		};
		A3939AD22746904E00412190 /* Build configuration list for PBXNativeTarget "PeePooPee" */ = {
			isa = XCConfigurationList;
			buildConfigurations = (
				A3939AD32746904E00412190 /* Debug */,
				A3939AD42746904E00412190 /* Release */,
			);
			defaultConfigurationIsVisible = 0;
			defaultConfigurationName = Release;
		};
/* End XCConfigurationList section */
	};
	rootObject = A3939AB62746904C00412190 /* Project object */;
}
